
Microsoft Visual Studio Solution File, Format Version 12.00
# Visual Studio 14
VisualStudioVersion = 14.0.25420.1
MinimumVisualStudioVersion = 10.0.40219.1
Project("{FAE04EC0-301F-11D3-BF4B-00C04F79EFBC}") = "dotnet-example", "dotnet-example.csproj", "{1684787A-3810-4679-AB2F-E229BD6ABCD8}"
EndProject
Project("{FAE04EC0-301F-11D3-BF4B-00C04F79EFBC}") = "http-request", "http-request\http-request.csproj", "{2B19008F-1874-4820-A607-656775E79D70}"
EndProject
Project("{FAE04EC0-301F-11D3-BF4B-00C04F79EFBC}") = "excel-closedXML", "excel-closedXML\excel-closedXML.csproj", "{E73C27B0-0CBF-4683-A045-E48BFAB71EF1}"
EndProject
Project("{FAE04EC0-301F-11D3-BF4B-00C04F79EFBC}") = "hashing", "hashing\hashing.csproj", "{34A3D645-0470-40C4-A73D-F851DB326B85}"
EndProject
Project("{FAE04EC0-301F-11D3-BF4B-00C04F79EFBC}") = "design-pattern-generic-method", "DesignPatternInCSharp\design-pattern-generic-method.csproj", "{B674B8B9-6A12-48CC-A79E-21CE15B43306}"
EndProject
Project("{FAE04EC0-301F-11D3-BF4B-00C04F79EFBC}") = "excel-closedXML-findValue", "excel-closedXML-findValue\excel-closedXML-findValue.csproj", "{F00DAEA4-FFAF-4917-A27A-DAC7C7CA44AE}"
EndProject
Project("{FAE04EC0-301F-11D3-BF4B-00C04F79EFBC}") = "NUnit", "NUnit\NUnit.csproj", "{EE8F990D-17DE-4412-AC5A-421D494ABDE2}"
EndProject
Project("{FAE04EC0-301F-11D3-BF4B-00C04F79EFBC}") = "JsonWork", "..\JsonWork\JsonWork.csproj", "{735B5996-E993-48EA-BC33-6D62FCA1F0B3}"
EndProject
Global
	GlobalSection(SolutionConfigurationPlatforms) = preSolution
		Debug|Any CPU = Debug|Any CPU
		Release|Any CPU = Release|Any CPU
	EndGlobalSection
	GlobalSection(ProjectConfigurationPlatforms) = postSolution
		{1684787A-3810-4679-AB2F-E229BD6ABCD8}.Debug|Any CPU.ActiveCfg = Debug|Any CPU
		{1684787A-3810-4679-AB2F-E229BD6ABCD8}.Debug|Any CPU.Build.0 = Debug|Any CPU
		{1684787A-3810-4679-AB2F-E229BD6ABCD8}.Release|Any CPU.ActiveCfg = Release|Any CPU
		{1684787A-3810-4679-AB2F-E229BD6ABCD8}.Release|Any CPU.Build.0 = Release|Any CPU
		{2B19008F-1874-4820-A607-656775E79D70}.Debug|Any CPU.ActiveCfg = Debug|Any CPU
		{2B19008F-1874-4820-A607-656775E79D70}.Debug|Any CPU.Build.0 = Debug|Any CPU
		{2B19008F-1874-4820-A607-656775E79D70}.Release|Any CPU.ActiveCfg = Release|Any CPU
		{2B19008F-1874-4820-A607-656775E79D70}.Release|Any CPU.Build.0 = Release|Any CPU
		{E73C27B0-0CBF-4683-A045-E48BFAB71EF1}.Debug|Any CPU.ActiveCfg = Debug|Any CPU
		{E73C27B0-0CBF-4683-A045-E48BFAB71EF1}.Debug|Any CPU.Build.0 = Debug|Any CPU
		{E73C27B0-0CBF-4683-A045-E48BFAB71EF1}.Release|Any CPU.ActiveCfg = Release|Any CPU
		{E73C27B0-0CBF-4683-A045-E48BFAB71EF1}.Release|Any CPU.Build.0 = Release|Any CPU
		{34A3D645-0470-40C4-A73D-F851DB326B85}.Debug|Any CPU.ActiveCfg = Debug|Any CPU
		{34A3D645-0470-40C4-A73D-F851DB326B85}.Debug|Any CPU.Build.0 = Debug|Any CPU
		{34A3D645-0470-40C4-A73D-F851DB326B85}.Release|Any CPU.ActiveCfg = Release|Any CPU
		{34A3D645-0470-40C4-A73D-F851DB326B85}.Release|Any CPU.Build.0 = Release|Any CPU
		{B674B8B9-6A12-48CC-A79E-21CE15B43306}.Debug|Any CPU.ActiveCfg = Debug|Any CPU
		{B674B8B9-6A12-48CC-A79E-21CE15B43306}.Debug|Any CPU.Build.0 = Debug|Any CPU
		{B674B8B9-6A12-48CC-A79E-21CE15B43306}.Release|Any CPU.ActiveCfg = Release|Any CPU
		{B674B8B9-6A12-48CC-A79E-21CE15B43306}.Release|Any CPU.Build.0 = Release|Any CPU
		{F00DAEA4-FFAF-4917-A27A-DAC7C7CA44AE}.Debug|Any CPU.ActiveCfg = Debug|Any CPU
		{F00DAEA4-FFAF-4917-A27A-DAC7C7CA44AE}.Debug|Any CPU.Build.0 = Debug|Any CPU
		{F00DAEA4-FFAF-4917-A27A-DAC7C7CA44AE}.Release|Any CPU.ActiveCfg = Release|Any CPU
		{F00DAEA4-FFAF-4917-A27A-DAC7C7CA44AE}.Release|Any CPU.Build.0 = Release|Any CPU
		{EE8F990D-17DE-4412-AC5A-421D494ABDE2}.Debug|Any CPU.ActiveCfg = Debug|Any CPU
		{EE8F990D-17DE-4412-AC5A-421D494ABDE2}.Debug|Any CPU.Build.0 = Debug|Any CPU
		{EE8F990D-17DE-4412-AC5A-421D494ABDE2}.Release|Any CPU.ActiveCfg = Release|Any CPU
		{EE8F990D-17DE-4412-AC5A-421D494ABDE2}.Release|Any CPU.Build.0 = Release|Any CPU
		{735B5996-E993-48EA-BC33-6D62FCA1F0B3}.Debug|Any CPU.ActiveCfg = Debug|Any CPU
		{735B5996-E993-48EA-BC33-6D62FCA1F0B3}.Debug|Any CPU.Build.0 = Debug|Any CPU
		{735B5996-E993-48EA-BC33-6D62FCA1F0B3}.Release|Any CPU.ActiveCfg = Release|Any CPU
		{735B5996-E993-48EA-BC33-6D62FCA1F0B3}.Release|Any CPU.Build.0 = Release|Any CPU
	EndGlobalSection
	GlobalSection(SolutionProperties) = preSolution
		HideSolutionNode = FALSE
	EndGlobalSection
EndGlobal
